
Microsoft Visual Studio Solution File, Format Version 12.00
# Visual Studio Version 16
VisualStudioVersion = 16.0.29728.190
MinimumVisualStudioVersion = 10.0.40219.1
Project("{8BC9CEB8-8B4A-11D0-8D11-00A0C91BC942}") = "ZAsm", "ZAsm\ZAsm.vcxproj", "{FA796082-2145-4CB3-BBE4-3D1EF3DF22E9}"
EndProject
Global
	GlobalSection(SolutionConfigurationPlatforms) = preSolution
		Debug|x64 = Debug|x64
		Debug|x86 = Debug|x86
		Release|x64 = Release|x64
		Release|x86 = Release|x86
	EndGlobalSection
	GlobalSection(ProjectConfigurationPlatforms) = postSolution
		{FA796082-2145-4CB3-BBE4-3D1EF3DF22E9}.Debug|x64.ActiveCfg = Debug|x64
		{FA796082-2145-4CB3-BBE4-3D1EF3DF22E9}.Debug|x64.Build.0 = Debug|x64
		{FA796082-2145-4CB3-BBE4-3D1EF3DF22E9}.Debug|x86.ActiveCfg = Debug|Win32
		{FA796082-2145-4CB3-BBE4-3D1EF3DF22E9}.Debug|x86.Build.0 = Debug|Win32
		{FA796082-2145-4CB3-BBE4-3D1EF3DF22E9}.Release|x64.ActiveCfg = Release|x64
		{FA796082-2145-4CB3-BBE4-3D1EF3DF22E9}.Release|x64.Build.0 = Release|x64
		{FA796082-2145-4CB3-BBE4-3D1EF3DF22E9}.Release|x86.ActiveCfg = Release|Win32
		{FA796082-2145-4CB3-BBE4-3D1EF3DF22E9}.Release|x86.Build.0 = Release|Win32
	EndGlobalSection
	GlobalSection(SolutionProperties) = preSolution
		HideSolutionNode = FALSE
	EndGlobalSection
	GlobalSection(ExtensibilityGlobals) = postSolution
		SolutionGuid = {F7500045-9E8F-4082-8AA2-9F5A041D9CD1}
	EndGlobalSection
EndGlobal
